// !$*UTF8*$!
{
	archiveVersion = 1;
	classes = {
	};
	objectVersion = 55;
	objects = {

/* Begin PBXBuildFile section */
		5BA9C547285EE31700A9F6CA /* main.cpp in Sources */ = {isa = PBXBuildFile; fileRef = 5BA9C546285EE31700A9F6CA /* main.cpp */; };
		5BA9C54E285EE32F00A9F6CA /* Date.cpp in Sources */ = {isa = PBXBuildFile; fileRef = 5BA9C54D285EE32F00A9F6CA /* Date.cpp */; };
		5BA9C550285EE41C00A9F6CA /* DateFormatter.cpp in Sources */ = {isa = PBXBuildFile; fileRef = 5BA9C54F285EE41C00A9F6CA /* DateFormatter.cpp */; };
		5BA9C552285EE58B00A9F6CA /* DateInfo.cpp in Sources */ = {isa = PBXBuildFile; fileRef = 5BA9C551285EE58B00A9F6CA /* DateInfo.cpp */; };
/* End PBXBuildFile section */

/* Begin PBXCopyFilesBuildPhase section */
		5BA9C541285EE31700A9F6CA /* CopyFiles */ = {
			isa = PBXCopyFilesBuildPhase;
			buildActionMask = 2147483647;
			dstPath = /usr/share/man/man1/;
			dstSubfolderSpec = 0;
			files = (
			);
			runOnlyForDeploymentPostprocessing = 1;
		};
/* End PBXCopyFilesBuildPhase section */

/* Begin PBXFileReference section */
		5BA9C543285EE31700A9F6CA /* Date */ = {isa = PBXFileReference; explicitFileType = "compiled.mach-o.executable"; includeInIndex = 0; path = Date; sourceTree = BUILT_PRODUCTS_DIR; };
		5BA9C546285EE31700A9F6CA /* main.cpp */ = {isa = PBXFileReference; lastKnownFileType = sourcecode.cpp.cpp; path = main.cpp; sourceTree = "<group>"; };
		5BA9C54D285EE32F00A9F6CA /* Date.cpp */ = {isa = PBXFileReference; lastKnownFileType = sourcecode.cpp.cpp; path = Date.cpp; sourceTree = "<group>"; };
		5BA9C54F285EE41C00A9F6CA /* DateFormatter.cpp */ = {isa = PBXFileReference; lastKnownFileType = sourcecode.cpp.cpp; path = DateFormatter.cpp; sourceTree = "<group>"; };
		5BA9C551285EE58B00A9F6CA /* DateInfo.cpp */ = {isa = PBXFileReference; lastKnownFileType = sourcecode.cpp.cpp; path = DateInfo.cpp; sourceTree = "<group>"; };
		5BA9C555285EEF7000A9F6CA /* DateFormatter.hpp */ = {isa = PBXFileReference; lastKnownFileType = sourcecode.cpp.h; name = DateFormatter.hpp; path = Date/DateFormatter.hpp; sourceTree = SOURCE_ROOT; };
		5BA9C558285EF00200A9F6CA /* Date.hpp */ = {isa = PBXFileReference; lastKnownFileType = sourcecode.cpp.h; path = Date.hpp; sourceTree = "<group>"; };
		5BA9C55A285EF75A00A9F6CA /* DateFormatter+Macros.h */ = {isa = PBXFileReference; lastKnownFileType = sourcecode.c.h; path = "DateFormatter+Macros.h"; sourceTree = "<group>"; };
/* End PBXFileReference section */

/* Begin PBXFrameworksBuildPhase section */
		5BA9C540285EE31700A9F6CA /* Frameworks */ = {
			isa = PBXFrameworksBuildPhase;
			buildActionMask = 2147483647;
			files = (
			);
			runOnlyForDeploymentPostprocessing = 0;
		};
/* End PBXFrameworksBuildPhase section */

/* Begin PBXGroup section */
		5BA9C53A285EE31700A9F6CA = {
			isa = PBXGroup;
			children = (
				5BA9C545285EE31700A9F6CA /* Date */,
				5BA9C544285EE31700A9F6CA /* Products */,
			);
			sourceTree = "<group>";
		};
		5BA9C544285EE31700A9F6CA /* Products */ = {
			isa = PBXGroup;
			children = (
				5BA9C543285EE31700A9F6CA /* Date */,
			);
			name = Products;
			sourceTree = "<group>";
		};
		5BA9C545285EE31700A9F6CA /* Date */ = {
			isa = PBXGroup;
			children = (
				5BA9C546285EE31700A9F6CA /* main.cpp */,
				5BA9C558285EF00200A9F6CA /* Date.hpp */,
				5BA9C54D285EE32F00A9F6CA /* Date.cpp */,
				5BA9C553285EE6D100A9F6CA /* DateFormatter */,
			);
			path = Date;
			sourceTree = "<group>";
		};
		5BA9C553285EE6D100A9F6CA /* DateFormatter */ = {
			isa = PBXGroup;
			children = (
				5BA9C55A285EF75A00A9F6CA /* DateFormatter+Macros.h */,
				5BA9C555285EEF7000A9F6CA /* DateFormatter.hpp */,
				5BA9C54F285EE41C00A9F6CA /* DateFormatter.cpp */,
				5BA9C551285EE58B00A9F6CA /* DateInfo.cpp */,
			);
			path = DateFormatter;
			sourceTree = "<group>";
		};
/* End PBXGroup section */

/* Begin PBXNativeTarget section */
		5BA9C542285EE31700A9F6CA /* Date */ = {
			isa = PBXNativeTarget;
			buildConfigurationList = 5BA9C54A285EE31700A9F6CA /* Build configuration list for PBXNativeTarget "Date" */;
			buildPhases = (
				5BA9C53F285EE31700A9F6CA /* Sources */,
				5BA9C540285EE31700A9F6CA /* Frameworks */,
				5BA9C541285EE31700A9F6CA /* CopyFiles */,
			);
			buildRules = (
			);
			dependencies = (
			);
			name = Date;
			productName = Date;
			productReference = 5BA9C543285EE31700A9F6CA /* Date */;
			productType = "com.apple.product-type.tool";
		};
/* End PBXNativeTarget section */

/* Begin PBXProject section */
		5BA9C53B285EE31700A9F6CA /* Project object */ = {
			isa = PBXProject;
			attributes = {
				BuildIndependentTargetsInParallel = 1;
				LastUpgradeCheck = 1340;
				TargetAttributes = {
					5BA9C542285EE31700A9F6CA = {
						CreatedOnToolsVersion = 13.4.1;
					};
				};
			};
			buildConfigurationList = 5BA9C53E285EE31700A9F6CA /* Build configuration list for PBXProject "Date" */;
			compatibilityVersion = "Xcode 13.0";
			developmentRegion = en;
			hasScannedForEncodings = 0;
			knownRegions = (
				en,
				Base,
			);
			mainGroup = 5BA9C53A285EE31700A9F6CA;
			productRefGroup = 5BA9C544285EE31700A9F6CA /* Products */;
			projectDirPath = "";
			projectRoot = "";
			targets = (
				5BA9C542285EE31700A9F6CA /* Date */,
			);
		};
/* End PBXProject section */

/* Begin PBXSourcesBuildPhase section */
		5BA9C53F285EE31700A9F6CA /* Sources */ = {
			isa = PBXSourcesBuildPhase;
			buildActionMask = 2147483647;
			files = (
				5BA9C547285EE31700A9F6CA /* main.cpp in Sources */,
				5BA9C54E285EE32F00A9F6CA /* Date.cpp in Sources */,
				5BA9C550285EE41C00A9F6CA /* DateFormatter.cpp in Sources */,
				5BA9C552285EE58B00A9F6CA /* DateInfo.cpp in Sources */,
			);
			runOnlyForDeploymentPostprocessing = 0;
		};
/* End PBXSourcesBuildPhase section */

/* Begin XCBuildConfiguration section */
		5BA9C548285EE31700A9F6CA /* Debug */ = {
			isa = XCBuildConfiguration;
			buildSettings = {
				ALWAYS_SEARCH_USER_PATHS = NO;
				CLANG_ANALYZER_NONNULL = YES;
				CLANG_ANALYZER_NUMBER_OBJECT_CONVERSION = YES_AGGRESSIVE;
				CLANG_CXX_LANGUAGE_STANDARD = "gnu++17";
				CLANG_ENABLE_MODULES = YES;
				CLANG_ENABLE_OBJC_ARC = YES;
				CLANG_ENABLE_OBJC_WEAK = YES;
				CLANG_WARN_BLOCK_CAPTURE_AUTORELEASING = YES;
				CLANG_WARN_BOOL_CONVERSION = YES;
				CLANG_WARN_COMMA = YES;
				CLANG_WARN_CONSTANT_CONVERSION = YES;
				CLANG_WARN_DEPRECATED_OBJC_IMPLEMENTATIONS = YES;
				CLANG_WARN_DIRECT_OBJC_ISA_USAGE = YES_ERROR;
				CLANG_WARN_DOCUMENTATION_COMMENTS = YES;
				CLANG_WARN_EMPTY_BODY = YES;
				CLANG_WARN_ENUM_CONVERSION = YES;
				CLANG_WARN_INFINITE_RECURSION = YES;
				CLANG_WARN_INT_CONVERSION = YES;
				CLANG_WARN_NON_LITERAL_NULL_CONVERSION = YES;
				CLANG_WARN_OBJC_IMPLICIT_RETAIN_SELF = YES;
				CLANG_WARN_OBJC_LITERAL_CONVERSION = YES;
				CLANG_WARN_OBJC_ROOT_CLASS = YES_ERROR;
				CLANG_WARN_QUOTED_INCLUDE_IN_FRAMEWORK_HEADER = YES;
				CLANG_WARN_RANGE_LOOP_ANALYSIS = YES;
				CLANG_WARN_STRICT_PROTOTYPES = YES;
				CLANG_WARN_SUSPICIOUS_MOVE = YES;
				CLANG_WARN_UNGUARDED_AVAILABILITY = YES_AGGRESSIVE;
				CLANG_WARN_UNREACHABLE_CODE = YES;
				CLANG_WARN__DUPLICATE_METHOD_MATCH = YES;
				COPY_PHASE_STRIP = NO;
				DEBUG_INFORMATION_FORMAT = dwarf;
				ENABLE_STRICT_OBJC_MSGSEND = YES;
				ENABLE_TESTABILITY = YES;
				GCC_C_LANGUAGE_STANDARD = gnu11;
				GCC_DYNAMIC_NO_PIC = NO;
				GCC_NO_COMMON_BLOCKS = YES;
				GCC_OPTIMIZATION_LEVEL = 0;
				GCC_PREPROCESSOR_DEFINITIONS = (
					"DEBUG=1",
					"$(inherited)",
				);
				GCC_WARN_64_TO_32_BIT_CONVERSION = YES;
				GCC_WARN_ABOUT_RETURN_TYPE = YES_ERROR;
				GCC_WARN_UNDECLARED_SELECTOR = YES;
				GCC_WARN_UNINITIALIZED_AUTOS = YES_AGGRESSIVE;
				GCC_WARN_UNUSED_FUNCTION = YES;
				GCC_WARN_UNUSED_VARIABLE = YES;
				MACOSX_DEPLOYMENT_TARGET = 12.3;
				MTL_ENABLE_DEBUG_INFO = INCLUDE_SOURCE;
				MTL_FAST_MATH = YES;
				ONLY_ACTIVE_ARCH = YES;
				SDKROOT = macosx;
			};
			name = Debug;
		};
		5BA9C549285EE31700A9F6CA /* Release */ = {
			isa = XCBuildConfiguration;
			buildSettings = {
				ALWAYS_SEARCH_USER_PATHS = NO;
				CLANG_ANALYZER_NONNULL = YES;
				CLANG_ANALYZER_NUMBER_OBJECT_CONVERSION = YES_AGGRESSIVE;
				CLANG_CXX_LANGUAGE_STANDARD = "gnu++17";
				CLANG_ENABLE_MODULES = YES;
				CLANG_ENABLE_OBJC_ARC = YES;
				CLANG_ENABLE_OBJC_WEAK = YES;
				CLANG_WARN_BLOCK_CAPTURE_AUTORELEASING = YES;
				CLANG_WARN_BOOL_CONVERSION = YES;
				CLANG_WARN_COMMA = YES;
				CLANG_WARN_CONSTANT_CONVERSION = YES;
				CLANG_WARN_DEPRECATED_OBJC_IMPLEMENTATIONS = YES;
				CLANG_WARN_DIRECT_OBJC_ISA_USAGE = YES_ERROR;
				CLANG_WARN_DOCUMENTATION_COMMENTS = YES;
				CLANG_WARN_EMPTY_BODY = YES;
				CLANG_WARN_ENUM_CONVERSION = YES;
				CLANG_WARN_INFINITE_RECURSION = YES;
				CLANG_WARN_INT_CONVERSION = YES;
				CLANG_WARN_NON_LITERAL_NULL_CONVERSION = YES;
				CLANG_WARN_OBJC_IMPLICIT_RETAIN_SELF = YES;
				CLANG_WARN_OBJC_LITERAL_CONVERSION = YES;
				CLANG_WARN_OBJC_ROOT_CLASS = YES_ERROR;
				CLANG_WARN_QUOTED_INCLUDE_IN_FRAMEWORK_HEADER = YES;
				CLANG_WARN_RANGE_LOOP_ANALYSIS = YES;
				CLANG_WARN_STRICT_PROTOTYPES = YES;
				CLANG_WARN_SUSPICIOUS_MOVE = YES;
				CLANG_WARN_UNGUARDED_AVAILABILITY = YES_AGGRESSIVE;
				CLANG_WARN_UNREACHABLE_CODE = YES;
				CLANG_WARN__DUPLICATE_METHOD_MATCH = YES;
				COPY_PHASE_STRIP = NO;
				DEBUG_INFORMATION_FORMAT = "dwarf-with-dsym";
				ENABLE_NS_ASSERTIONS = NO;
				ENABLE_STRICT_OBJC_MSGSEND = YES;
				GCC_C_LANGUAGE_STANDARD = gnu11;
				GCC_NO_COMMON_BLOCKS = YES;
				GCC_WARN_64_TO_32_BIT_CONVERSION = YES;
				GCC_WARN_ABOUT_RETURN_TYPE = YES_ERROR;
				GCC_WARN_UNDECLARED_SELECTOR = YES;
				GCC_WARN_UNINITIALIZED_AUTOS = YES_AGGRESSIVE;
				GCC_WARN_UNUSED_FUNCTION = YES;
				GCC_WARN_UNUSED_VARIABLE = YES;
				MACOSX_DEPLOYMENT_TARGET = 12.3;
				MTL_ENABLE_DEBUG_INFO = NO;
				MTL_FAST_MATH = YES;
				SDKROOT = macosx;
			};
			name = Release;
		};
		5BA9C54B285EE31700A9F6CA /* Debug */ = {
			isa = XCBuildConfiguration;
			buildSettings = {
				CODE_SIGN_STYLE = Automatic;
				DEVELOPMENT_TEAM = T7Q2TAG226;
				ENABLE_HARDENED_RUNTIME = YES;
				PRODUCT_NAME = "$(TARGET_NAME)";
			};
			name = Debug;
		};
		5BA9C54C285EE31700A9F6CA /* Release */ = {
			isa = XCBuildConfiguration;
			buildSettings = {
				CODE_SIGN_STYLE = Automatic;
				DEVELOPMENT_TEAM = T7Q2TAG226;
				ENABLE_HARDENED_RUNTIME = YES;
				PRODUCT_NAME = "$(TARGET_NAME)";
			};
			name = Release;
		};
/* End XCBuildConfiguration section */

/* Begin XCConfigurationList section */
		5BA9C53E285EE31700A9F6CA /* Build configuration list for PBXProject "Date" */ = {
			isa = XCConfigurationList;
			buildConfigurations = (
				5BA9C548285EE31700A9F6CA /* Debug */,
				5BA9C549285EE31700A9F6CA /* Release */,
			);
			defaultConfigurationIsVisible = 0;
			defaultConfigurationName = Release;
		};
		5BA9C54A285EE31700A9F6CA /* Build configuration list for PBXNativeTarget "Date" */ = {
			isa = XCConfigurationList;
			buildConfigurations = (
				5BA9C54B285EE31700A9F6CA /* Debug */,
				5BA9C54C285EE31700A9F6CA /* Release */,
			);
			defaultConfigurationIsVisible = 0;
			defaultConfigurationName = Release;
		};
/* End XCConfigurationList section */
	};
	rootObject = 5BA9C53B285EE31700A9F6CA /* Project object */;
}
